
Microsoft Visual Studio Solution File, Format Version 12.00
# Visual Studio Version 17
VisualStudioVersion = 17.1.32328.378
MinimumVisualStudioVersion = 10.0.40219.1
Project("{FAE04EC0-301F-11D3-BF4B-00C04F79EFBC}") = "Area Perimeter Calculator", "Area Perimeter Calculator\Area Perimeter Calculator.csproj", "{1E7BF934-4CDC-4150-83BB-58248F1D4239}"
EndProject
Global
	GlobalSection(SolutionConfigurationPlatforms) = preSolution
		Debug|Any CPU = Debug|Any CPU
		Release|Any CPU = Release|Any CPU
	EndGlobalSection
	GlobalSection(ProjectConfigurationPlatforms) = postSolution
		{1E7BF934-4CDC-4150-83BB-58248F1D4239}.Debug|Any CPU.ActiveCfg = Debug|Any CPU
		{1E7BF934-4CDC-4150-83BB-58248F1D4239}.Debug|Any CPU.Build.0 = Debug|Any CPU
		{1E7BF934-4CDC-4150-83BB-58248F1D4239}.Release|Any CPU.ActiveCfg = Release|Any CPU
		{1E7BF934-4CDC-4150-83BB-58248F1D4239}.Release|Any CPU.Build.0 = Release|Any CPU
	EndGlobalSection
	GlobalSection(SolutionProperties) = preSolution
		HideSolutionNode = FALSE
	EndGlobalSection
	GlobalSection(ExtensibilityGlobals) = postSolution
		SolutionGuid = {B8298B28-C9BE-4596-B4E9-0A47BD669445}
	EndGlobalSection
EndGlobal
